
Microsoft Visual Studio Solution File, Format Version 12.00
# Visual Studio Version 16
VisualStudioVersion = 16.0.29613.14
MinimumVisualStudioVersion = 10.0.40219.1
Project("{9A19103F-16F7-4668-BE54-9A1E7A4F7556}") = "NetCore3.1-WebApi-Demo", "myapi\NetCore3.1-WebApi-Demo.csproj", "{AE424B7F-CCDB-4088-90BA-05A4DFD81D06}"
EndProject
Global
	GlobalSection(SolutionConfigurationPlatforms) = preSolution
		Debug|Any CPU = Debug|Any CPU
		Release|Any CPU = Release|Any CPU
	EndGlobalSection
	GlobalSection(ProjectConfigurationPlatforms) = postSolution
		{AE424B7F-CCDB-4088-90BA-05A4DFD81D06}.Debug|Any CPU.ActiveCfg = Debug|Any CPU
		{AE424B7F-CCDB-4088-90BA-05A4DFD81D06}.Debug|Any CPU.Build.0 = Debug|Any CPU
		{AE424B7F-CCDB-4088-90BA-05A4DFD81D06}.Release|Any CPU.ActiveCfg = Release|Any CPU
		{AE424B7F-CCDB-4088-90BA-05A4DFD81D06}.Release|Any CPU.Build.0 = Release|Any CPU
	EndGlobalSection
	GlobalSection(SolutionProperties) = preSolution
		HideSolutionNode = FALSE
	EndGlobalSection
	GlobalSection(ExtensibilityGlobals) = postSolution
		SolutionGuid = {4837FEF8-C461-4E36-BEBD-34168A3F5255}
	EndGlobalSection
EndGlobal
